
Microsoft Visual Studio Solution File, Format Version 12.00
# Visual Studio Version 17
VisualStudioVersion = 17.12.35527.113 d17.12
MinimumVisualStudioVersion = 10.0.40219.1
Project("{FAE04EC0-301F-11D3-BF4B-00C04F79EFBC}") = "lineargradient", "lineargradient\lineargradient.csproj", "{88FE2378-F90E-4837-9C80-62D97874842E}"
EndProject
Global
	GlobalSection(SolutionConfigurationPlatforms) = preSolution
		Debug|Any CPU = Debug|Any CPU
		Release|Any CPU = Release|Any CPU
	EndGlobalSection
	GlobalSection(ProjectConfigurationPlatforms) = postSolution
		{88FE2378-F90E-4837-9C80-62D97874842E}.Debug|Any CPU.ActiveCfg = Debug|Any CPU
		{88FE2378-F90E-4837-9C80-62D97874842E}.Debug|Any CPU.Build.0 = Debug|Any CPU
		{88FE2378-F90E-4837-9C80-62D97874842E}.Release|Any CPU.ActiveCfg = Release|Any CPU
		{88FE2378-F90E-4837-9C80-62D97874842E}.Release|Any CPU.Build.0 = Release|Any CPU
	EndGlobalSection
	GlobalSection(SolutionProperties) = preSolution
		HideSolutionNode = FALSE
	EndGlobalSection
EndGlobal
